// !$*UTF8*$!
{
	archiveVersion = 1;
	classes = {
	};
	objectVersion = 50;
	objects = {

/* Begin PBXBuildFile section */
		C942A56A253CEBB6007D195A /* CustomTableViewCellProtocol.swift in Sources */ = {isa = PBXBuildFile; fileRef = C942A569253CEBB6007D195A /* CustomTableViewCellProtocol.swift */; };
		C942A574253CF5F1007D195A /* RoundedButton.swift in Sources */ = {isa = PBXBuildFile; fileRef = C942A573253CF5F1007D195A /* RoundedButton.swift */; };
		C942A57A253CFD93007D195A /* MovieDetailsViewController.swift in Sources */ = {isa = PBXBuildFile; fileRef = C942A579253CFD93007D195A /* MovieDetailsViewController.swift */; };
		C942A57D253CFD9F007D195A /* MovieDetails.storyboard in Resources */ = {isa = PBXBuildFile; fileRef = C942A57C253CFD9F007D195A /* MovieDetails.storyboard */; };
		C942A584253CFE98007D195A /* NavigableViewControllerProtocol.swift in Sources */ = {isa = PBXBuildFile; fileRef = C942A583253CFE98007D195A /* NavigableViewControllerProtocol.swift */; };
		C942A587253CFFA2007D195A /* Extensions.swift in Sources */ = {isa = PBXBuildFile; fileRef = C942A586253CFFA2007D195A /* Extensions.swift */; };
		C942A58C253D0747007D195A /* RelatedMovieCollectionViewCell.swift in Sources */ = {isa = PBXBuildFile; fileRef = C942A58A253D0747007D195A /* RelatedMovieCollectionViewCell.swift */; };
		C942A58D253D0747007D195A /* RelatedMovieCollectionViewCell.xib in Resources */ = {isa = PBXBuildFile; fileRef = C942A58B253D0747007D195A /* RelatedMovieCollectionViewCell.xib */; };
		C942A592253D0946007D195A /* CustomCollectionViewCellProtocol.swift in Sources */ = {isa = PBXBuildFile; fileRef = C942A591253D0946007D195A /* CustomCollectionViewCellProtocol.swift */; };
		C9C37B1D253B8DA800DF7BB2 /* MovieItemTableViewCell.swift in Sources */ = {isa = PBXBuildFile; fileRef = C9C37B1B253B8DA800DF7BB2 /* MovieItemTableViewCell.swift */; };
		C9C37B1E253B8DA800DF7BB2 /* MovieItemTableViewCell.xib in Resources */ = {isa = PBXBuildFile; fileRef = C9C37B1C253B8DA800DF7BB2 /* MovieItemTableViewCell.xib */; };
		C9C64586253CDB6500A13166 /* Movie.swift in Sources */ = {isa = PBXBuildFile; fileRef = C9C64585253CDB6500A13166 /* Movie.swift */; };
		C9C6458C253CE66D00A13166 /* CreateMovieViewController.swift in Sources */ = {isa = PBXBuildFile; fileRef = C9C6458B253CE66D00A13166 /* CreateMovieViewController.swift */; };
		C9C6458F253CE68800A13166 /* CreateMovie.storyboard in Resources */ = {isa = PBXBuildFile; fileRef = C9C6458E253CE68800A13166 /* CreateMovie.storyboard */; };
		C9EF6023253B6C580010CF04 /* AppDelegate.swift in Sources */ = {isa = PBXBuildFile; fileRef = C9EF6022253B6C580010CF04 /* AppDelegate.swift */; };
		C9EF6025253B6C580010CF04 /* SceneDelegate.swift in Sources */ = {isa = PBXBuildFile; fileRef = C9EF6024253B6C580010CF04 /* SceneDelegate.swift */; };
		C9EF6027253B6C580010CF04 /* HomeViewController.swift in Sources */ = {isa = PBXBuildFile; fileRef = C9EF6026253B6C580010CF04 /* HomeViewController.swift */; };
		C9EF602A253B6C580010CF04 /* Main.storyboard in Resources */ = {isa = PBXBuildFile; fileRef = C9EF6028253B6C580010CF04 /* Main.storyboard */; };
		C9EF602C253B6C5C0010CF04 /* Assets.xcassets in Resources */ = {isa = PBXBuildFile; fileRef = C9EF602B253B6C5C0010CF04 /* Assets.xcassets */; };
		C9EF602F253B6C5C0010CF04 /* LaunchScreen.storyboard in Resources */ = {isa = PBXBuildFile; fileRef = C9EF602D253B6C5C0010CF04 /* LaunchScreen.storyboard */; };
/* End PBXBuildFile section */

/* Begin PBXFileReference section */
		C942A569253CEBB6007D195A /* CustomTableViewCellProtocol.swift */ = {isa = PBXFileReference; lastKnownFileType = sourcecode.swift; path = CustomTableViewCellProtocol.swift; sourceTree = "<group>"; };
		C942A573253CF5F1007D195A /* RoundedButton.swift */ = {isa = PBXFileReference; lastKnownFileType = sourcecode.swift; path = RoundedButton.swift; sourceTree = "<group>"; };
		C942A579253CFD93007D195A /* MovieDetailsViewController.swift */ = {isa = PBXFileReference; lastKnownFileType = sourcecode.swift; path = MovieDetailsViewController.swift; sourceTree = "<group>"; };
		C942A57C253CFD9F007D195A /* MovieDetails.storyboard */ = {isa = PBXFileReference; lastKnownFileType = file.storyboard; path = MovieDetails.storyboard; sourceTree = "<group>"; };
		C942A583253CFE98007D195A /* NavigableViewControllerProtocol.swift */ = {isa = PBXFileReference; lastKnownFileType = sourcecode.swift; path = NavigableViewControllerProtocol.swift; sourceTree = "<group>"; };
		C942A586253CFFA2007D195A /* Extensions.swift */ = {isa = PBXFileReference; lastKnownFileType = sourcecode.swift; path = Extensions.swift; sourceTree = "<group>"; };
		C942A58A253D0747007D195A /* RelatedMovieCollectionViewCell.swift */ = {isa = PBXFileReference; lastKnownFileType = sourcecode.swift; path = RelatedMovieCollectionViewCell.swift; sourceTree = "<group>"; };
		C942A58B253D0747007D195A /* RelatedMovieCollectionViewCell.xib */ = {isa = PBXFileReference; lastKnownFileType = file.xib; path = RelatedMovieCollectionViewCell.xib; sourceTree = "<group>"; };
		C942A591253D0946007D195A /* CustomCollectionViewCellProtocol.swift */ = {isa = PBXFileReference; lastKnownFileType = sourcecode.swift; path = CustomCollectionViewCellProtocol.swift; sourceTree = "<group>"; };
		C9C37B1B253B8DA800DF7BB2 /* MovieItemTableViewCell.swift */ = {isa = PBXFileReference; lastKnownFileType = sourcecode.swift; path = MovieItemTableViewCell.swift; sourceTree = "<group>"; };
		C9C37B1C253B8DA800DF7BB2 /* MovieItemTableViewCell.xib */ = {isa = PBXFileReference; lastKnownFileType = file.xib; path = MovieItemTableViewCell.xib; sourceTree = "<group>"; };
		C9C64585253CDB6500A13166 /* Movie.swift */ = {isa = PBXFileReference; lastKnownFileType = sourcecode.swift; path = Movie.swift; sourceTree = "<group>"; };
		C9C6458B253CE66D00A13166 /* CreateMovieViewController.swift */ = {isa = PBXFileReference; lastKnownFileType = sourcecode.swift; path = CreateMovieViewController.swift; sourceTree = "<group>"; };
		C9C6458E253CE68800A13166 /* CreateMovie.storyboard */ = {isa = PBXFileReference; lastKnownFileType = file.storyboard; path = CreateMovie.storyboard; sourceTree = "<group>"; };
		C9EF601F253B6C580010CF04 /* Movies.app */ = {isa = PBXFileReference; explicitFileType = wrapper.application; includeInIndex = 0; path = Movies.app; sourceTree = BUILT_PRODUCTS_DIR; };
		C9EF6022253B6C580010CF04 /* AppDelegate.swift */ = {isa = PBXFileReference; lastKnownFileType = sourcecode.swift; path = AppDelegate.swift; sourceTree = "<group>"; };
		C9EF6024253B6C580010CF04 /* SceneDelegate.swift */ = {isa = PBXFileReference; lastKnownFileType = sourcecode.swift; path = SceneDelegate.swift; sourceTree = "<group>"; };
		C9EF6026253B6C580010CF04 /* HomeViewController.swift */ = {isa = PBXFileReference; lastKnownFileType = sourcecode.swift; path = HomeViewController.swift; sourceTree = "<group>"; };
		C9EF6029253B6C580010CF04 /* Base */ = {isa = PBXFileReference; lastKnownFileType = file.storyboard; name = Base; path = Base.lproj/Main.storyboard; sourceTree = "<group>"; };
		C9EF602B253B6C5C0010CF04 /* Assets.xcassets */ = {isa = PBXFileReference; lastKnownFileType = folder.assetcatalog; path = Assets.xcassets; sourceTree = "<group>"; };
		C9EF602E253B6C5C0010CF04 /* Base */ = {isa = PBXFileReference; lastKnownFileType = file.storyboard; name = Base; path = Base.lproj/LaunchScreen.storyboard; sourceTree = "<group>"; };
		C9EF6030253B6C5C0010CF04 /* Info.plist */ = {isa = PBXFileReference; lastKnownFileType = text.plist.xml; path = Info.plist; sourceTree = "<group>"; };
/* End PBXFileReference section */

/* Begin PBXFrameworksBuildPhase section */
		C9EF601C253B6C580010CF04 /* Frameworks */ = {
			isa = PBXFrameworksBuildPhase;
			buildActionMask = 2147483647;
			files = (
			);
			runOnlyForDeploymentPostprocessing = 0;
		};
/* End PBXFrameworksBuildPhase section */

/* Begin PBXGroup section */
		C942A568253CEB7D007D195A /* Protocols */ = {
			isa = PBXGroup;
			children = (
				C942A569253CEBB6007D195A /* CustomTableViewCellProtocol.swift */,
				C942A583253CFE98007D195A /* NavigableViewControllerProtocol.swift */,
				C942A591253D0946007D195A /* CustomCollectionViewCellProtocol.swift */,
			);
			path = Protocols;
			sourceTree = "<group>";
		};
		C942A577253CF959007D195A /* MovieDetails */ = {
			isa = PBXGroup;
			children = (
				C942A589253D0717007D195A /* RelatedMovieCell */,
				C942A57C253CFD9F007D195A /* MovieDetails.storyboard */,
				C942A579253CFD93007D195A /* MovieDetailsViewController.swift */,
			);
			path = MovieDetails;
			sourceTree = "<group>";
		};
		C942A589253D0717007D195A /* RelatedMovieCell */ = {
			isa = PBXGroup;
			children = (
				C942A58B253D0747007D195A /* RelatedMovieCollectionViewCell.xib */,
				C942A58A253D0747007D195A /* RelatedMovieCollectionViewCell.swift */,
			);
			path = RelatedMovieCell;
			sourceTree = "<group>";
		};
		C9715191253B6CC800C39B78 /* Home */ = {
			isa = PBXGroup;
			children = (
				C9C37B1A253B8C9A00DF7BB2 /* MovieItemCell */,
				C9EF6028253B6C580010CF04 /* Main.storyboard */,
				C9EF6026253B6C580010CF04 /* HomeViewController.swift */,
				C942A586253CFFA2007D195A /* Extensions.swift */,
			);
			path = Home;
			sourceTree = "<group>";
		};
		C9C37B1A253B8C9A00DF7BB2 /* MovieItemCell */ = {
			isa = PBXGroup;
			children = (
				C9C37B1C253B8DA800DF7BB2 /* MovieItemTableViewCell.xib */,
				C9C37B1B253B8DA800DF7BB2 /* MovieItemTableViewCell.swift */,
			);
			path = MovieItemCell;
			sourceTree = "<group>";
		};
		C9C64584253CDB4A00A13166 /* Domain */ = {
			isa = PBXGroup;
			children = (
				C9C64585253CDB6500A13166 /* Movie.swift */,
			);
			path = Domain;
			sourceTree = "<group>";
		};
		C9C6458A253CE61000A13166 /* CreateMovie */ = {
			isa = PBXGroup;
			children = (
				C9C6458E253CE68800A13166 /* CreateMovie.storyboard */,
				C9C6458B253CE66D00A13166 /* CreateMovieViewController.swift */,
				C942A573253CF5F1007D195A /* RoundedButton.swift */,
			);
			path = CreateMovie;
			sourceTree = "<group>";
		};
		C9EF6016253B6C580010CF04 = {
			isa = PBXGroup;
			children = (
				C9EF6021253B6C580010CF04 /* Movies */,
				C9EF6020253B6C580010CF04 /* Products */,
			);
			sourceTree = "<group>";
		};
		C9EF6020253B6C580010CF04 /* Products */ = {
			isa = PBXGroup;
			children = (
				C9EF601F253B6C580010CF04 /* Movies.app */,
			);
			name = Products;
			sourceTree = "<group>";
		};
		C9EF6021253B6C580010CF04 /* Movies */ = {
			isa = PBXGroup;
			children = (
				C942A568253CEB7D007D195A /* Protocols */,
				C9C64584253CDB4A00A13166 /* Domain */,
				C942A577253CF959007D195A /* MovieDetails */,
				C9C6458A253CE61000A13166 /* CreateMovie */,
				C9715191253B6CC800C39B78 /* Home */,
				C9EF602B253B6C5C0010CF04 /* Assets.xcassets */,
				C9EF6022253B6C580010CF04 /* AppDelegate.swift */,
				C9EF6024253B6C580010CF04 /* SceneDelegate.swift */,
				C9EF602D253B6C5C0010CF04 /* LaunchScreen.storyboard */,
				C9EF6030253B6C5C0010CF04 /* Info.plist */,
			);
			path = Movies;
			sourceTree = "<group>";
		};
/* End PBXGroup section */

/* Begin PBXNativeTarget section */
		C9EF601E253B6C580010CF04 /* Movies */ = {
			isa = PBXNativeTarget;
			buildConfigurationList = C9EF6033253B6C5C0010CF04 /* Build configuration list for PBXNativeTarget "Movies" */;
			buildPhases = (
				C9EF601B253B6C580010CF04 /* Sources */,
				C9EF601C253B6C580010CF04 /* Frameworks */,
				C9EF601D253B6C580010CF04 /* Resources */,
			);
			buildRules = (
			);
			dependencies = (
			);
			name = Movies;
			productName = Hero;
			productReference = C9EF601F253B6C580010CF04 /* Movies.app */;
			productType = "com.apple.product-type.application";
		};
/* End PBXNativeTarget section */

/* Begin PBXProject section */
		C9EF6017253B6C580010CF04 /* Project object */ = {
			isa = PBXProject;
			attributes = {
				LastSwiftUpdateCheck = 1200;
				LastUpgradeCheck = 1200;
				TargetAttributes = {
					C9EF601E253B6C580010CF04 = {
						CreatedOnToolsVersion = 12.0.1;
					};
				};
			};
			buildConfigurationList = C9EF601A253B6C580010CF04 /* Build configuration list for PBXProject "Movies" */;
			compatibilityVersion = "Xcode 9.3";
			developmentRegion = en;
			hasScannedForEncodings = 0;
			knownRegions = (
				en,
				Base,
			);
			mainGroup = C9EF6016253B6C580010CF04;
			productRefGroup = C9EF6020253B6C580010CF04 /* Products */;
			projectDirPath = "";
			projectRoot = "";
			targets = (
				C9EF601E253B6C580010CF04 /* Movies */,
			);
		};
/* End PBXProject section */

/* Begin PBXResourcesBuildPhase section */
		C9EF601D253B6C580010CF04 /* Resources */ = {
			isa = PBXResourcesBuildPhase;
			buildActionMask = 2147483647;
			files = (
				C9EF602F253B6C5C0010CF04 /* LaunchScreen.storyboard in Resources */,
				C942A58D253D0747007D195A /* RelatedMovieCollectionViewCell.xib in Resources */,
				C9C37B1E253B8DA800DF7BB2 /* MovieItemTableViewCell.xib in Resources */,
				C942A57D253CFD9F007D195A /* MovieDetails.storyboard in Resources */,
				C9C6458F253CE68800A13166 /* CreateMovie.storyboard in Resources */,
				C9EF602C253B6C5C0010CF04 /* Assets.xcassets in Resources */,
				C9EF602A253B6C580010CF04 /* Main.storyboard in Resources */,
			);
			runOnlyForDeploymentPostprocessing = 0;
		};
/* End PBXResourcesBuildPhase section */

/* Begin PBXSourcesBuildPhase section */
		C9EF601B253B6C580010CF04 /* Sources */ = {
			isa = PBXSourcesBuildPhase;
			buildActionMask = 2147483647;
			files = (
				C9EF6027253B6C580010CF04 /* HomeViewController.swift in Sources */,
				C9C6458C253CE66D00A13166 /* CreateMovieViewController.swift in Sources */,
				C942A57A253CFD93007D195A /* MovieDetailsViewController.swift in Sources */,
				C9C37B1D253B8DA800DF7BB2 /* MovieItemTableViewCell.swift in Sources */,
				C942A584253CFE98007D195A /* NavigableViewControllerProtocol.swift in Sources */,
				C942A574253CF5F1007D195A /* RoundedButton.swift in Sources */,
				C9EF6023253B6C580010CF04 /* AppDelegate.swift in Sources */,
				C942A592253D0946007D195A /* CustomCollectionViewCellProtocol.swift in Sources */,
				C9EF6025253B6C580010CF04 /* SceneDelegate.swift in Sources */,
				C942A56A253CEBB6007D195A /* CustomTableViewCellProtocol.swift in Sources */,
				C942A587253CFFA2007D195A /* Extensions.swift in Sources */,
				C9C64586253CDB6500A13166 /* Movie.swift in Sources */,
				C942A58C253D0747007D195A /* RelatedMovieCollectionViewCell.swift in Sources */,
			);
			runOnlyForDeploymentPostprocessing = 0;
		};
/* End PBXSourcesBuildPhase section */

/* Begin PBXVariantGroup section */
		C9EF6028253B6C580010CF04 /* Main.storyboard */ = {
			isa = PBXVariantGroup;
			children = (
				C9EF6029253B6C580010CF04 /* Base */,
			);
			name = Main.storyboard;
			sourceTree = "<group>";
		};
		C9EF602D253B6C5C0010CF04 /* LaunchScreen.storyboard */ = {
			isa = PBXVariantGroup;
			children = (
				C9EF602E253B6C5C0010CF04 /* Base */,
			);
			name = LaunchScreen.storyboard;
			sourceTree = "<group>";
		};
/* End PBXVariantGroup section */

/* Begin XCBuildConfiguration section */
		C9EF6031253B6C5C0010CF04 /* Debug */ = {
			isa = XCBuildConfiguration;
			buildSettings = {
				ALWAYS_SEARCH_USER_PATHS = NO;
				CLANG_ANALYZER_NONNULL = YES;
				CLANG_ANALYZER_NUMBER_OBJECT_CONVERSION = YES_AGGRESSIVE;
				CLANG_CXX_LANGUAGE_STANDARD = "gnu++14";
				CLANG_CXX_LIBRARY = "libc++";
				CLANG_ENABLE_MODULES = YES;
				CLANG_ENABLE_OBJC_ARC = YES;
				CLANG_ENABLE_OBJC_WEAK = YES;
				CLANG_WARN_BLOCK_CAPTURE_AUTORELEASING = YES;
				CLANG_WARN_BOOL_CONVERSION = YES;
				CLANG_WARN_COMMA = YES;
				CLANG_WARN_CONSTANT_CONVERSION = YES;
				CLANG_WARN_DEPRECATED_OBJC_IMPLEMENTATIONS = YES;
				CLANG_WARN_DIRECT_OBJC_ISA_USAGE = YES_ERROR;
				CLANG_WARN_DOCUMENTATION_COMMENTS = YES;
				CLANG_WARN_EMPTY_BODY = YES;
				CLANG_WARN_ENUM_CONVERSION = YES;
				CLANG_WARN_INFINITE_RECURSION = YES;
				CLANG_WARN_INT_CONVERSION = YES;
				CLANG_WARN_NON_LITERAL_NULL_CONVERSION = YES;
				CLANG_WARN_OBJC_IMPLICIT_RETAIN_SELF = YES;
				CLANG_WARN_OBJC_LITERAL_CONVERSION = YES;
				CLANG_WARN_OBJC_ROOT_CLASS = YES_ERROR;
				CLANG_WARN_QUOTED_INCLUDE_IN_FRAMEWORK_HEADER = YES;
				CLANG_WARN_RANGE_LOOP_ANALYSIS = YES;
				CLANG_WARN_STRICT_PROTOTYPES = YES;
				CLANG_WARN_SUSPICIOUS_MOVE = YES;
				CLANG_WARN_UNGUARDED_AVAILABILITY = YES_AGGRESSIVE;
				CLANG_WARN_UNREACHABLE_CODE = YES;
				CLANG_WARN__DUPLICATE_METHOD_MATCH = YES;
				COPY_PHASE_STRIP = NO;
				DEBUG_INFORMATION_FORMAT = dwarf;
				ENABLE_STRICT_OBJC_MSGSEND = YES;
				ENABLE_TESTABILITY = YES;
				GCC_C_LANGUAGE_STANDARD = gnu11;
				GCC_DYNAMIC_NO_PIC = NO;
				GCC_NO_COMMON_BLOCKS = YES;
				GCC_OPTIMIZATION_LEVEL = 0;
				GCC_PREPROCESSOR_DEFINITIONS = (
					"DEBUG=1",
					"$(inherited)",
				);
				GCC_WARN_64_TO_32_BIT_CONVERSION = YES;
				GCC_WARN_ABOUT_RETURN_TYPE = YES_ERROR;
				GCC_WARN_UNDECLARED_SELECTOR = YES;
				GCC_WARN_UNINITIALIZED_AUTOS = YES_AGGRESSIVE;
				GCC_WARN_UNUSED_FUNCTION = YES;
				GCC_WARN_UNUSED_VARIABLE = YES;
				IPHONEOS_DEPLOYMENT_TARGET = 14.0;
				MTL_ENABLE_DEBUG_INFO = INCLUDE_SOURCE;
				MTL_FAST_MATH = YES;
				ONLY_ACTIVE_ARCH = YES;
				SDKROOT = iphoneos;
				SWIFT_ACTIVE_COMPILATION_CONDITIONS = DEBUG;
				SWIFT_OPTIMIZATION_LEVEL = "-Onone";
			};
			name = Debug;
		};
		C9EF6032253B6C5C0010CF04 /* Release */ = {
			isa = XCBuildConfiguration;
			buildSettings = {
				ALWAYS_SEARCH_USER_PATHS = NO;
				CLANG_ANALYZER_NONNULL = YES;
				CLANG_ANALYZER_NUMBER_OBJECT_CONVERSION = YES_AGGRESSIVE;
				CLANG_CXX_LANGUAGE_STANDARD = "gnu++14";
				CLANG_CXX_LIBRARY = "libc++";
				CLANG_ENABLE_MODULES = YES;
				CLANG_ENABLE_OBJC_ARC = YES;
				CLANG_ENABLE_OBJC_WEAK = YES;
				CLANG_WARN_BLOCK_CAPTURE_AUTORELEASING = YES;
				CLANG_WARN_BOOL_CONVERSION = YES;
				CLANG_WARN_COMMA = YES;
				CLANG_WARN_CONSTANT_CONVERSION = YES;
				CLANG_WARN_DEPRECATED_OBJC_IMPLEMENTATIONS = YES;
				CLANG_WARN_DIRECT_OBJC_ISA_USAGE = YES_ERROR;
				CLANG_WARN_DOCUMENTATION_COMMENTS = YES;
				CLANG_WARN_EMPTY_BODY = YES;
				CLANG_WARN_ENUM_CONVERSION = YES;
				CLANG_WARN_INFINITE_RECURSION = YES;
				CLANG_WARN_INT_CONVERSION = YES;
				CLANG_WARN_NON_LITERAL_NULL_CONVERSION = YES;
				CLANG_WARN_OBJC_IMPLICIT_RETAIN_SELF = YES;
				CLANG_WARN_OBJC_LITERAL_CONVERSION = YES;
				CLANG_WARN_OBJC_ROOT_CLASS = YES_ERROR;
				CLANG_WARN_QUOTED_INCLUDE_IN_FRAMEWORK_HEADER = YES;
				CLANG_WARN_RANGE_LOOP_ANALYSIS = YES;
				CLANG_WARN_STRICT_PROTOTYPES = YES;
				CLANG_WARN_SUSPICIOUS_MOVE = YES;
				CLANG_WARN_UNGUARDED_AVAILABILITY = YES_AGGRESSIVE;
				CLANG_WARN_UNREACHABLE_CODE = YES;
				CLANG_WARN__DUPLICATE_METHOD_MATCH = YES;
				COPY_PHASE_STRIP = NO;
				DEBUG_INFORMATION_FORMAT = "dwarf-with-dsym";
				ENABLE_NS_ASSERTIONS = NO;
				ENABLE_STRICT_OBJC_MSGSEND = YES;
				GCC_C_LANGUAGE_STANDARD = gnu11;
				GCC_NO_COMMON_BLOCKS = YES;
				GCC_WARN_64_TO_32_BIT_CONVERSION = YES;
				GCC_WARN_ABOUT_RETURN_TYPE = YES_ERROR;
				GCC_WARN_UNDECLARED_SELECTOR = YES;
				GCC_WARN_UNINITIALIZED_AUTOS = YES_AGGRESSIVE;
				GCC_WARN_UNUSED_FUNCTION = YES;
				GCC_WARN_UNUSED_VARIABLE = YES;
				IPHONEOS_DEPLOYMENT_TARGET = 14.0;
				MTL_ENABLE_DEBUG_INFO = NO;
				MTL_FAST_MATH = YES;
				SDKROOT = iphoneos;
				SWIFT_COMPILATION_MODE = wholemodule;
				SWIFT_OPTIMIZATION_LEVEL = "-O";
				VALIDATE_PRODUCT = YES;
			};
			name = Release;
		};
		C9EF6034253B6C5C0010CF04 /* Debug */ = {
			isa = XCBuildConfiguration;
			buildSettings = {
				ASSETCATALOG_COMPILER_APPICON_NAME = AppIcon;
				ASSETCATALOG_COMPILER_GLOBAL_ACCENT_COLOR_NAME = AccentColor;
				CODE_SIGN_STYLE = Automatic;
				DEVELOPMENT_TEAM = 7N4P82U958;
				INFOPLIST_FILE = Movies/Info.plist;
				LD_RUNPATH_SEARCH_PATHS = (
					"$(inherited)",
					"@executable_path/Frameworks",
				);
				PRODUCT_BUNDLE_IDENTIFIER = com.github.marivaldosena.Movies;
				PRODUCT_NAME = "$(TARGET_NAME)";
				SWIFT_VERSION = 5.0;
				TARGETED_DEVICE_FAMILY = "1,2";
			};
			name = Debug;
		};
		C9EF6035253B6C5C0010CF04 /* Release */ = {
			isa = XCBuildConfiguration;
			buildSettings = {
				ASSETCATALOG_COMPILER_APPICON_NAME = AppIcon;
				ASSETCATALOG_COMPILER_GLOBAL_ACCENT_COLOR_NAME = AccentColor;
				CODE_SIGN_STYLE = Automatic;
				DEVELOPMENT_TEAM = 7N4P82U958;
				INFOPLIST_FILE = Movies/Info.plist;
				LD_RUNPATH_SEARCH_PATHS = (
					"$(inherited)",
					"@executable_path/Frameworks",
				);
				PRODUCT_BUNDLE_IDENTIFIER = com.github.marivaldosena.Movies;
				PRODUCT_NAME = "$(TARGET_NAME)";
				SWIFT_VERSION = 5.0;
				TARGETED_DEVICE_FAMILY = "1,2";
			};
			name = Release;
		};
/* End XCBuildConfiguration section */

/* Begin XCConfigurationList section */
		C9EF601A253B6C580010CF04 /* Build configuration list for PBXProject "Movies" */ = {
			isa = XCConfigurationList;
			buildConfigurations = (
				C9EF6031253B6C5C0010CF04 /* Debug */,
				C9EF6032253B6C5C0010CF04 /* Release */,
			);
			defaultConfigurationIsVisible = 0;
			defaultConfigurationName = Release;
		};
		C9EF6033253B6C5C0010CF04 /* Build configuration list for PBXNativeTarget "Movies" */ = {
			isa = XCConfigurationList;
			buildConfigurations = (
				C9EF6034253B6C5C0010CF04 /* Debug */,
				C9EF6035253B6C5C0010CF04 /* Release */,
			);
			defaultConfigurationIsVisible = 0;
			defaultConfigurationName = Release;
		};
/* End XCConfigurationList section */
	};
	rootObject = C9EF6017253B6C580010CF04 /* Project object */;
}
