// !$*UTF8*$!
{
	archiveVersion = 1;
	classes = {
	};
	objectVersion = 50;
	objects = {

/* Begin PBXBuildFile section */
		C9DDE0F92539FB2F0039E58D /* AppDelegate.swift in Sources */ = {isa = PBXBuildFile; fileRef = C9DDE0F82539FB2F0039E58D /* AppDelegate.swift */; };
		C9DDE0FB2539FB2F0039E58D /* SceneDelegate.swift in Sources */ = {isa = PBXBuildFile; fileRef = C9DDE0FA2539FB2F0039E58D /* SceneDelegate.swift */; };
		C9DDE0FD2539FB2F0039E58D /* ViewController.swift in Sources */ = {isa = PBXBuildFile; fileRef = C9DDE0FC2539FB2F0039E58D /* ViewController.swift */; };
		C9DDE1002539FB2F0039E58D /* Main.storyboard in Resources */ = {isa = PBXBuildFile; fileRef = C9DDE0FE2539FB2F0039E58D /* Main.storyboard */; };
		C9DDE1022539FB7A0039E58D /* Assets.xcassets in Resources */ = {isa = PBXBuildFile; fileRef = C9DDE1012539FB7A0039E58D /* Assets.xcassets */; };
		C9DDE1052539FB7A0039E58D /* LaunchScreen.storyboard in Resources */ = {isa = PBXBuildFile; fileRef = C9DDE1032539FB7A0039E58D /* LaunchScreen.storyboard */; };
/* End PBXBuildFile section */

/* Begin PBXFileReference section */
		C9DDE0F52539FB2F0039E58D /* Orbis.app */ = {isa = PBXFileReference; explicitFileType = wrapper.application; includeInIndex = 0; path = Orbis.app; sourceTree = BUILT_PRODUCTS_DIR; };
		C9DDE0F82539FB2F0039E58D /* AppDelegate.swift */ = {isa = PBXFileReference; lastKnownFileType = sourcecode.swift; path = AppDelegate.swift; sourceTree = "<group>"; };
		C9DDE0FA2539FB2F0039E58D /* SceneDelegate.swift */ = {isa = PBXFileReference; lastKnownFileType = sourcecode.swift; path = SceneDelegate.swift; sourceTree = "<group>"; };
		C9DDE0FC2539FB2F0039E58D /* ViewController.swift */ = {isa = PBXFileReference; lastKnownFileType = sourcecode.swift; path = ViewController.swift; sourceTree = "<group>"; };
		C9DDE0FF2539FB2F0039E58D /* Base */ = {isa = PBXFileReference; lastKnownFileType = file.storyboard; name = Base; path = Base.lproj/Main.storyboard; sourceTree = "<group>"; };
		C9DDE1012539FB7A0039E58D /* Assets.xcassets */ = {isa = PBXFileReference; lastKnownFileType = folder.assetcatalog; path = Assets.xcassets; sourceTree = "<group>"; };
		C9DDE1042539FB7A0039E58D /* Base */ = {isa = PBXFileReference; lastKnownFileType = file.storyboard; name = Base; path = Base.lproj/LaunchScreen.storyboard; sourceTree = "<group>"; };
		C9DDE1062539FB7A0039E58D /* Info.plist */ = {isa = PBXFileReference; lastKnownFileType = text.plist.xml; path = Info.plist; sourceTree = "<group>"; };
/* End PBXFileReference section */

/* Begin PBXFrameworksBuildPhase section */
		C9DDE0F22539FB2F0039E58D /* Frameworks */ = {
			isa = PBXFrameworksBuildPhase;
			buildActionMask = 2147483647;
			files = (
			);
			runOnlyForDeploymentPostprocessing = 0;
		};
/* End PBXFrameworksBuildPhase section */

/* Begin PBXGroup section */
		C9DDE0EC2539FB2F0039E58D = {
			isa = PBXGroup;
			children = (
				C9DDE0F72539FB2F0039E58D /* Orbis */,
				C9DDE0F62539FB2F0039E58D /* Products */,
			);
			sourceTree = "<group>";
		};
		C9DDE0F62539FB2F0039E58D /* Products */ = {
			isa = PBXGroup;
			children = (
				C9DDE0F52539FB2F0039E58D /* Orbis.app */,
			);
			name = Products;
			sourceTree = "<group>";
		};
		C9DDE0F72539FB2F0039E58D /* Orbis */ = {
			isa = PBXGroup;
			children = (
				C9DDE0F82539FB2F0039E58D /* AppDelegate.swift */,
				C9DDE0FA2539FB2F0039E58D /* SceneDelegate.swift */,
				C9DDE0FC2539FB2F0039E58D /* ViewController.swift */,
				C9DDE0FE2539FB2F0039E58D /* Main.storyboard */,
				C9DDE1012539FB7A0039E58D /* Assets.xcassets */,
				C9DDE1032539FB7A0039E58D /* LaunchScreen.storyboard */,
				C9DDE1062539FB7A0039E58D /* Info.plist */,
			);
			path = Orbis;
			sourceTree = "<group>";
		};
/* End PBXGroup section */

/* Begin PBXNativeTarget section */
		C9DDE0F42539FB2F0039E58D /* Orbis */ = {
			isa = PBXNativeTarget;
			buildConfigurationList = C9DDE1092539FB7A0039E58D /* Build configuration list for PBXNativeTarget "Orbis" */;
			buildPhases = (
				C9DDE0F12539FB2F0039E58D /* Sources */,
				C9DDE0F22539FB2F0039E58D /* Frameworks */,
				C9DDE0F32539FB2F0039E58D /* Resources */,
			);
			buildRules = (
			);
			dependencies = (
			);
			name = Orbis;
			productName = Orbis;
			productReference = C9DDE0F52539FB2F0039E58D /* Orbis.app */;
			productType = "com.apple.product-type.application";
		};
/* End PBXNativeTarget section */

/* Begin PBXProject section */
		C9DDE0ED2539FB2F0039E58D /* Project object */ = {
			isa = PBXProject;
			attributes = {
				LastSwiftUpdateCheck = 1200;
				LastUpgradeCheck = 1200;
				TargetAttributes = {
					C9DDE0F42539FB2F0039E58D = {
						CreatedOnToolsVersion = 12.0.1;
					};
				};
			};
			buildConfigurationList = C9DDE0F02539FB2F0039E58D /* Build configuration list for PBXProject "Orbis" */;
			compatibilityVersion = "Xcode 9.3";
			developmentRegion = en;
			hasScannedForEncodings = 0;
			knownRegions = (
				en,
				Base,
			);
			mainGroup = C9DDE0EC2539FB2F0039E58D;
			productRefGroup = C9DDE0F62539FB2F0039E58D /* Products */;
			projectDirPath = "";
			projectRoot = "";
			targets = (
				C9DDE0F42539FB2F0039E58D /* Orbis */,
			);
		};
/* End PBXProject section */

/* Begin PBXResourcesBuildPhase section */
		C9DDE0F32539FB2F0039E58D /* Resources */ = {
			isa = PBXResourcesBuildPhase;
			buildActionMask = 2147483647;
			files = (
				C9DDE1052539FB7A0039E58D /* LaunchScreen.storyboard in Resources */,
				C9DDE1022539FB7A0039E58D /* Assets.xcassets in Resources */,
				C9DDE1002539FB2F0039E58D /* Main.storyboard in Resources */,
			);
			runOnlyForDeploymentPostprocessing = 0;
		};
/* End PBXResourcesBuildPhase section */

/* Begin PBXSourcesBuildPhase section */
		C9DDE0F12539FB2F0039E58D /* Sources */ = {
			isa = PBXSourcesBuildPhase;
			buildActionMask = 2147483647;
			files = (
				C9DDE0FD2539FB2F0039E58D /* ViewController.swift in Sources */,
				C9DDE0F92539FB2F0039E58D /* AppDelegate.swift in Sources */,
				C9DDE0FB2539FB2F0039E58D /* SceneDelegate.swift in Sources */,
			);
			runOnlyForDeploymentPostprocessing = 0;
		};
/* End PBXSourcesBuildPhase section */

/* Begin PBXVariantGroup section */
		C9DDE0FE2539FB2F0039E58D /* Main.storyboard */ = {
			isa = PBXVariantGroup;
			children = (
				C9DDE0FF2539FB2F0039E58D /* Base */,
			);
			name = Main.storyboard;
			sourceTree = "<group>";
		};
		C9DDE1032539FB7A0039E58D /* LaunchScreen.storyboard */ = {
			isa = PBXVariantGroup;
			children = (
				C9DDE1042539FB7A0039E58D /* Base */,
			);
			name = LaunchScreen.storyboard;
			sourceTree = "<group>";
		};
/* End PBXVariantGroup section */

/* Begin XCBuildConfiguration section */
		C9DDE1072539FB7A0039E58D /* Debug */ = {
			isa = XCBuildConfiguration;
			buildSettings = {
				ALWAYS_SEARCH_USER_PATHS = NO;
				CLANG_ANALYZER_NONNULL = YES;
				CLANG_ANALYZER_NUMBER_OBJECT_CONVERSION = YES_AGGRESSIVE;
				CLANG_CXX_LANGUAGE_STANDARD = "gnu++14";
				CLANG_CXX_LIBRARY = "libc++";
				CLANG_ENABLE_MODULES = YES;
				CLANG_ENABLE_OBJC_ARC = YES;
				CLANG_ENABLE_OBJC_WEAK = YES;
				CLANG_WARN_BLOCK_CAPTURE_AUTORELEASING = YES;
				CLANG_WARN_BOOL_CONVERSION = YES;
				CLANG_WARN_COMMA = YES;
				CLANG_WARN_CONSTANT_CONVERSION = YES;
				CLANG_WARN_DEPRECATED_OBJC_IMPLEMENTATIONS = YES;
				CLANG_WARN_DIRECT_OBJC_ISA_USAGE = YES_ERROR;
				CLANG_WARN_DOCUMENTATION_COMMENTS = YES;
				CLANG_WARN_EMPTY_BODY = YES;
				CLANG_WARN_ENUM_CONVERSION = YES;
				CLANG_WARN_INFINITE_RECURSION = YES;
				CLANG_WARN_INT_CONVERSION = YES;
				CLANG_WARN_NON_LITERAL_NULL_CONVERSION = YES;
				CLANG_WARN_OBJC_IMPLICIT_RETAIN_SELF = YES;
				CLANG_WARN_OBJC_LITERAL_CONVERSION = YES;
				CLANG_WARN_OBJC_ROOT_CLASS = YES_ERROR;
				CLANG_WARN_QUOTED_INCLUDE_IN_FRAMEWORK_HEADER = YES;
				CLANG_WARN_RANGE_LOOP_ANALYSIS = YES;
				CLANG_WARN_STRICT_PROTOTYPES = YES;
				CLANG_WARN_SUSPICIOUS_MOVE = YES;
				CLANG_WARN_UNGUARDED_AVAILABILITY = YES_AGGRESSIVE;
				CLANG_WARN_UNREACHABLE_CODE = YES;
				CLANG_WARN__DUPLICATE_METHOD_MATCH = YES;
				COPY_PHASE_STRIP = NO;
				DEBUG_INFORMATION_FORMAT = dwarf;
				ENABLE_STRICT_OBJC_MSGSEND = YES;
				ENABLE_TESTABILITY = YES;
				GCC_C_LANGUAGE_STANDARD = gnu11;
				GCC_DYNAMIC_NO_PIC = NO;
				GCC_NO_COMMON_BLOCKS = YES;
				GCC_OPTIMIZATION_LEVEL = 0;
				GCC_PREPROCESSOR_DEFINITIONS = (
					"DEBUG=1",
					"$(inherited)",
				);
				GCC_WARN_64_TO_32_BIT_CONVERSION = YES;
				GCC_WARN_ABOUT_RETURN_TYPE = YES_ERROR;
				GCC_WARN_UNDECLARED_SELECTOR = YES;
				GCC_WARN_UNINITIALIZED_AUTOS = YES_AGGRESSIVE;
				GCC_WARN_UNUSED_FUNCTION = YES;
				GCC_WARN_UNUSED_VARIABLE = YES;
				IPHONEOS_DEPLOYMENT_TARGET = 14.0;
				MTL_ENABLE_DEBUG_INFO = INCLUDE_SOURCE;
				MTL_FAST_MATH = YES;
				ONLY_ACTIVE_ARCH = YES;
				SDKROOT = iphoneos;
				SWIFT_ACTIVE_COMPILATION_CONDITIONS = DEBUG;
				SWIFT_OPTIMIZATION_LEVEL = "-Onone";
			};
			name = Debug;
		};
		C9DDE1082539FB7A0039E58D /* Release */ = {
			isa = XCBuildConfiguration;
			buildSettings = {
				ALWAYS_SEARCH_USER_PATHS = NO;
				CLANG_ANALYZER_NONNULL = YES;
				CLANG_ANALYZER_NUMBER_OBJECT_CONVERSION = YES_AGGRESSIVE;
				CLANG_CXX_LANGUAGE_STANDARD = "gnu++14";
				CLANG_CXX_LIBRARY = "libc++";
				CLANG_ENABLE_MODULES = YES;
				CLANG_ENABLE_OBJC_ARC = YES;
				CLANG_ENABLE_OBJC_WEAK = YES;
				CLANG_WARN_BLOCK_CAPTURE_AUTORELEASING = YES;
				CLANG_WARN_BOOL_CONVERSION = YES;
				CLANG_WARN_COMMA = YES;
				CLANG_WARN_CONSTANT_CONVERSION = YES;
				CLANG_WARN_DEPRECATED_OBJC_IMPLEMENTATIONS = YES;
				CLANG_WARN_DIRECT_OBJC_ISA_USAGE = YES_ERROR;
				CLANG_WARN_DOCUMENTATION_COMMENTS = YES;
				CLANG_WARN_EMPTY_BODY = YES;
				CLANG_WARN_ENUM_CONVERSION = YES;
				CLANG_WARN_INFINITE_RECURSION = YES;
				CLANG_WARN_INT_CONVERSION = YES;
				CLANG_WARN_NON_LITERAL_NULL_CONVERSION = YES;
				CLANG_WARN_OBJC_IMPLICIT_RETAIN_SELF = YES;
				CLANG_WARN_OBJC_LITERAL_CONVERSION = YES;
				CLANG_WARN_OBJC_ROOT_CLASS = YES_ERROR;
				CLANG_WARN_QUOTED_INCLUDE_IN_FRAMEWORK_HEADER = YES;
				CLANG_WARN_RANGE_LOOP_ANALYSIS = YES;
				CLANG_WARN_STRICT_PROTOTYPES = YES;
				CLANG_WARN_SUSPICIOUS_MOVE = YES;
				CLANG_WARN_UNGUARDED_AVAILABILITY = YES_AGGRESSIVE;
				CLANG_WARN_UNREACHABLE_CODE = YES;
				CLANG_WARN__DUPLICATE_METHOD_MATCH = YES;
				COPY_PHASE_STRIP = NO;
				DEBUG_INFORMATION_FORMAT = "dwarf-with-dsym";
				ENABLE_NS_ASSERTIONS = NO;
				ENABLE_STRICT_OBJC_MSGSEND = YES;
				GCC_C_LANGUAGE_STANDARD = gnu11;
				GCC_NO_COMMON_BLOCKS = YES;
				GCC_WARN_64_TO_32_BIT_CONVERSION = YES;
				GCC_WARN_ABOUT_RETURN_TYPE = YES_ERROR;
				GCC_WARN_UNDECLARED_SELECTOR = YES;
				GCC_WARN_UNINITIALIZED_AUTOS = YES_AGGRESSIVE;
				GCC_WARN_UNUSED_FUNCTION = YES;
				GCC_WARN_UNUSED_VARIABLE = YES;
				IPHONEOS_DEPLOYMENT_TARGET = 14.0;
				MTL_ENABLE_DEBUG_INFO = NO;
				MTL_FAST_MATH = YES;
				SDKROOT = iphoneos;
				SWIFT_COMPILATION_MODE = wholemodule;
				SWIFT_OPTIMIZATION_LEVEL = "-O";
				VALIDATE_PRODUCT = YES;
			};
			name = Release;
		};
		C9DDE10A2539FB7A0039E58D /* Debug */ = {
			isa = XCBuildConfiguration;
			buildSettings = {
				ASSETCATALOG_COMPILER_APPICON_NAME = AppIcon;
				ASSETCATALOG_COMPILER_GLOBAL_ACCENT_COLOR_NAME = AccentColor;
				CODE_SIGN_STYLE = Automatic;
				DEVELOPMENT_TEAM = 7N4P82U958;
				INFOPLIST_FILE = Orbis/Info.plist;
				IPHONEOS_DEPLOYMENT_TARGET = 13.0;
				LD_RUNPATH_SEARCH_PATHS = (
					"$(inherited)",
					"@executable_path/Frameworks",
				);
				PRODUCT_BUNDLE_IDENTIFIER = com.github.marivaldosena.Orbis;
				PRODUCT_NAME = "$(TARGET_NAME)";
				SWIFT_VERSION = 5.0;
				TARGETED_DEVICE_FAMILY = "1,2";
			};
			name = Debug;
		};
		C9DDE10B2539FB7A0039E58D /* Release */ = {
			isa = XCBuildConfiguration;
			buildSettings = {
				ASSETCATALOG_COMPILER_APPICON_NAME = AppIcon;
				ASSETCATALOG_COMPILER_GLOBAL_ACCENT_COLOR_NAME = AccentColor;
				CODE_SIGN_STYLE = Automatic;
				DEVELOPMENT_TEAM = 7N4P82U958;
				INFOPLIST_FILE = Orbis/Info.plist;
				IPHONEOS_DEPLOYMENT_TARGET = 13.0;
				LD_RUNPATH_SEARCH_PATHS = (
					"$(inherited)",
					"@executable_path/Frameworks",
				);
				PRODUCT_BUNDLE_IDENTIFIER = com.github.marivaldosena.Orbis;
				PRODUCT_NAME = "$(TARGET_NAME)";
				SWIFT_VERSION = 5.0;
				TARGETED_DEVICE_FAMILY = "1,2";
			};
			name = Release;
		};
/* End XCBuildConfiguration section */

/* Begin XCConfigurationList section */
		C9DDE0F02539FB2F0039E58D /* Build configuration list for PBXProject "Orbis" */ = {
			isa = XCConfigurationList;
			buildConfigurations = (
				C9DDE1072539FB7A0039E58D /* Debug */,
				C9DDE1082539FB7A0039E58D /* Release */,
			);
			defaultConfigurationIsVisible = 0;
			defaultConfigurationName = Release;
		};
		C9DDE1092539FB7A0039E58D /* Build configuration list for PBXNativeTarget "Orbis" */ = {
			isa = XCConfigurationList;
			buildConfigurations = (
				C9DDE10A2539FB7A0039E58D /* Debug */,
				C9DDE10B2539FB7A0039E58D /* Release */,
			);
			defaultConfigurationIsVisible = 0;
			defaultConfigurationName = Release;
		};
/* End XCConfigurationList section */
	};
	rootObject = C9DDE0ED2539FB2F0039E58D /* Project object */;
}
